
Microsoft Visual Studio Solution File, Format Version 12.00
# Visual Studio Version 17
VisualStudioVersion = 17.11.35327.3
MinimumVisualStudioVersion = 10.0.40219.1
Project("{FAE04EC0-301F-11D3-BF4B-00C04F79EFBC}") = "u23668475_HW03", "u23668475_HW03\u23668475_HW03.csproj", "{D4634A09-0552-4CB8-A683-3A300F77189D}"
EndProject
Global
	GlobalSection(SolutionConfigurationPlatforms) = preSolution
		Debug|Any CPU = Debug|Any CPU
		Release|Any CPU = Release|Any CPU
	EndGlobalSection
	GlobalSection(ProjectConfigurationPlatforms) = postSolution
		{D4634A09-0552-4CB8-A683-3A300F77189D}.Debug|Any CPU.ActiveCfg = Debug|Any CPU
		{D4634A09-0552-4CB8-A683-3A300F77189D}.Debug|Any CPU.Build.0 = Debug|Any CPU
		{D4634A09-0552-4CB8-A683-3A300F77189D}.Release|Any CPU.ActiveCfg = Release|Any CPU
		{D4634A09-0552-4CB8-A683-3A300F77189D}.Release|Any CPU.Build.0 = Release|Any CPU
	EndGlobalSection
	GlobalSection(SolutionProperties) = preSolution
		HideSolutionNode = FALSE
	EndGlobalSection
	GlobalSection(ExtensibilityGlobals) = postSolution
		SolutionGuid = {DA4181C9-FBB0-4141-9E72-14D61A9DE15A}
	EndGlobalSection
EndGlobal
